
Microsoft Visual Studio Solution File, Format Version 12.00
# Visual Studio Version 16
VisualStudioVersion = 16.0.32002.261
MinimumVisualStudioVersion = 10.0.40219.1
Project("{FAE04EC0-301F-11D3-BF4B-00C04F79EFBC}") = "ArticalesApp", "ArticalesApp\ArticalesApp.csproj", "{E170EA77-D480-456D-B4FD-F96328277F5B}"
EndProject
Global
	GlobalSection(SolutionConfigurationPlatforms) = preSolution
		Debug|Any CPU = Debug|Any CPU
		Release|Any CPU = Release|Any CPU
	EndGlobalSection
	GlobalSection(ProjectConfigurationPlatforms) = postSolution
		{E170EA77-D480-456D-B4FD-F96328277F5B}.Debug|Any CPU.ActiveCfg = Debug|Any CPU
		{E170EA77-D480-456D-B4FD-F96328277F5B}.Debug|Any CPU.Build.0 = Debug|Any CPU
		{E170EA77-D480-456D-B4FD-F96328277F5B}.Release|Any CPU.ActiveCfg = Release|Any CPU
		{E170EA77-D480-456D-B4FD-F96328277F5B}.Release|Any CPU.Build.0 = Release|Any CPU
	EndGlobalSection
	GlobalSection(SolutionProperties) = preSolution
		HideSolutionNode = FALSE
	EndGlobalSection
	GlobalSection(ExtensibilityGlobals) = postSolution
		SolutionGuid = {0BEAA607-1CD9-40A4-A9EC-893663A4AB0D}
	EndGlobalSection
EndGlobal
